dependencies:
- name: mufasa-common
  repository: file://../../mufasa-common
  version: 0.1.0
- name: zipkin
  repository: file://../../mufasa-services/zipkin
  version: 0.1.0
- name: configserver
  repository: file://../../mufasa-services/configserver
  version: 0.1.0
- name: eurekaserver
  repository: file://../../mufasa-services/eurekaserver
  version: 0.1.0
- name: accounts
  repository: file://../../mufasa-services/accounts
  version: 0.1.0
- name: cards
  repository: file://../../mufasa-services/cards
  version: 0.1.0
- name: loans
  repository: file://../../mufasa-services/loans
  version: 0.1.0
- name: gatewayserver
  repository: file://../../mufasa-services/gatewayserver
  version: 0.1.0
digest: sha256:e716b79f59b1748f4991fd06f501fd8326527fe1f876b67762ea0fd159263a33
generated: "2022-09-12T10:06:00.7297206+03:00"
